
Microsoft Visual Studio Solution File, Format Version 12.00
# Visual Studio Version 16
VisualStudioVersion = 16.0.31624.102
MinimumVisualStudioVersion = 10.0.40219.1
Project("{9A19103F-16F7-4668-BE54-9A1E7A4F7556}") = "VideoMessenger", "VideoMessenger.csproj", "{C210DC32-05AE-400A-849E-76102D16B8B3}"
EndProject
Global
	GlobalSection(SolutionConfigurationPlatforms) = preSolution
		Debug|Any CPU = Debug|Any CPU
		Release|Any CPU = Release|Any CPU
	EndGlobalSection
	GlobalSection(ProjectConfigurationPlatforms) = postSolution
		{C210DC32-05AE-400A-849E-76102D16B8B3}.Debug|Any CPU.ActiveCfg = Debug|Any CPU
		{C210DC32-05AE-400A-849E-76102D16B8B3}.Debug|Any CPU.Build.0 = Debug|Any CPU
		{C210DC32-05AE-400A-849E-76102D16B8B3}.Release|Any CPU.ActiveCfg = Release|Any CPU
		{C210DC32-05AE-400A-849E-76102D16B8B3}.Release|Any CPU.Build.0 = Release|Any CPU
	EndGlobalSection
	GlobalSection(SolutionProperties) = preSolution
		HideSolutionNode = FALSE
	EndGlobalSection
	GlobalSection(ExtensibilityGlobals) = postSolution
		SolutionGuid = {1A998C53-3C43-45EA-9F6C-217A0454A990}
	EndGlobalSection
EndGlobal
